
Microsoft Visual Studio Solution File, Format Version 12.00
# Visual Studio Version 16
VisualStudioVersion = 16.0.30611.23
MinimumVisualStudioVersion = 15.0.26124.0
Project("{2150E333-8FDC-42A3-9474-1A3956D46DE8}") = "src", "src", "{ED41A67A-55B5-4E60-AF49-ACD49EE497D2}"
EndProject
Project("{2150E333-8FDC-42A3-9474-1A3956D46DE8}") = "Extensions", "Extensions", "{C63DC6EA-E7A7-48DA-BC49-217AF2FF3EE4}"
EndProject
Project("{2150E333-8FDC-42A3-9474-1A3956D46DE8}") = "Framework", "Framework", "{3AE995A2-2DCC-4137-A207-87809FACDC18}"
EndProject
Project("{2150E333-8FDC-42A3-9474-1A3956D46DE8}") = "Services", "Services", "{2679C447-EBE6-430D-A209-015AF0A8F8A8}"
EndProject
Project("{9A19103F-16F7-4668-BE54-9A1E7A4F7556}") = "EncyApp.WebApp", "src\EncyApp.WebApp\EncyApp.WebApp.csproj", "{7F8378CC-001E-422E-B654-1942496BA0E4}"
EndProject
Project("{2150E333-8FDC-42A3-9474-1A3956D46DE8}") = "Solution Items", "Solution Items", "{357EF080-220F-46A3-8473-44C08875741B}"
	ProjectSection(SolutionItems) = preProject
		LICENSE = LICENSE
	EndProjectSection
EndProject
Project("{9A19103F-16F7-4668-BE54-9A1E7A4F7556}") = "EncyApp.WebCore", "src\EncyApp.WebCore\EncyApp.WebCore.csproj", "{788C9FA9-3B5D-44C9-9A64-4F4CBCCB01A1}"
EndProject
Project("{9A19103F-16F7-4668-BE54-9A1E7A4F7556}") = "EncyApp.Infrastructure", "src\EncyApp.Infrastructure\EncyApp.Infrastructure.csproj", "{DD7B0E51-AB6D-4BE4-ABBE-71EAEB75F0A2}"
EndProject
Project("{2150E333-8FDC-42A3-9474-1A3956D46DE8}") = "Customer", "Customer", "{C4242826-E860-4FA6-946D-3DEBAFA11A40}"
EndProject
Project("{9A19103F-16F7-4668-BE54-9A1E7A4F7556}") = "EncyApp.Customer.Web", "src\Customer\EncyApp.Customer.Web\EncyApp.Customer.Web.csproj", "{C5ED7578-845D-4508-87D2-57203866D67A}"
EndProject
Project("{2150E333-8FDC-42A3-9474-1A3956D46DE8}") = "Invoice", "Invoice", "{9E8CC693-28F2-4C3A-BFC1-DA9A2A1DC933}"
EndProject
Project("{9A19103F-16F7-4668-BE54-9A1E7A4F7556}") = "EncyApp.Invoice.Web", "src\Invoice\EncyApp.Invoice.We\EncyApp.Invoice.Web.csproj", "{9C079528-2C60-449E-B80B-25668739EEF5}"
EndProject
Project("{2150E333-8FDC-42A3-9474-1A3956D46DE8}") = "AssetManagement", "AssetManagement", "{65A107E4-20A8-4A3C-9867-8E9D645C328B}"
EndProject
Project("{9A19103F-16F7-4668-BE54-9A1E7A4F7556}") = "EncyApp.AssetManagement.Web", "src\AssetManager\EncyApp.AssetManagement.Web\EncyApp.AssetManagement.Web.csproj", "{0279597D-B9A1-4999-99FA-88F46D0AA07A}"
EndProject
Project("{FAE04EC0-301F-11D3-BF4B-00C04F79EFBC}") = "EncyApp.Core", "src\EncyApp.Core\EncyApp.Core.csproj", "{A117152F-73B6-478B-A816-0B5506370A2A}"
EndProject
Global
	GlobalSection(SolutionConfigurationPlatforms) = preSolution
		Debug|Any CPU = Debug|Any CPU
		Debug|x64 = Debug|x64
		Debug|x86 = Debug|x86
		Release|Any CPU = Release|Any CPU
		Release|x64 = Release|x64
		Release|x86 = Release|x86
	EndGlobalSection
	GlobalSection(ProjectConfigurationPlatforms) = postSolution
		{7F8378CC-001E-422E-B654-1942496BA0E4}.Debug|Any CPU.ActiveCfg = Debug|Any CPU
		{7F8378CC-001E-422E-B654-1942496BA0E4}.Debug|Any CPU.Build.0 = Debug|Any CPU
		{7F8378CC-001E-422E-B654-1942496BA0E4}.Debug|x64.ActiveCfg = Debug|Any CPU
		{7F8378CC-001E-422E-B654-1942496BA0E4}.Debug|x64.Build.0 = Debug|Any CPU
		{7F8378CC-001E-422E-B654-1942496BA0E4}.Debug|x86.ActiveCfg = Debug|Any CPU
		{7F8378CC-001E-422E-B654-1942496BA0E4}.Debug|x86.Build.0 = Debug|Any CPU
		{7F8378CC-001E-422E-B654-1942496BA0E4}.Release|Any CPU.ActiveCfg = Release|Any CPU
		{7F8378CC-001E-422E-B654-1942496BA0E4}.Release|Any CPU.Build.0 = Release|Any CPU
		{7F8378CC-001E-422E-B654-1942496BA0E4}.Release|x64.ActiveCfg = Release|Any CPU
		{7F8378CC-001E-422E-B654-1942496BA0E4}.Release|x64.Build.0 = Release|Any CPU
		{7F8378CC-001E-422E-B654-1942496BA0E4}.Release|x86.ActiveCfg = Release|Any CPU
		{7F8378CC-001E-422E-B654-1942496BA0E4}.Release|x86.Build.0 = Release|Any CPU
		{788C9FA9-3B5D-44C9-9A64-4F4CBCCB01A1}.Debug|Any CPU.ActiveCfg = Debug|Any CPU
		{788C9FA9-3B5D-44C9-9A64-4F4CBCCB01A1}.Debug|Any CPU.Build.0 = Debug|Any CPU
		{788C9FA9-3B5D-44C9-9A64-4F4CBCCB01A1}.Debug|x64.ActiveCfg = Debug|Any CPU
		{788C9FA9-3B5D-44C9-9A64-4F4CBCCB01A1}.Debug|x64.Build.0 = Debug|Any CPU
		{788C9FA9-3B5D-44C9-9A64-4F4CBCCB01A1}.Debug|x86.ActiveCfg = Debug|Any CPU
		{788C9FA9-3B5D-44C9-9A64-4F4CBCCB01A1}.Debug|x86.Build.0 = Debug|Any CPU
		{788C9FA9-3B5D-44C9-9A64-4F4CBCCB01A1}.Release|Any CPU.ActiveCfg = Release|Any CPU
		{788C9FA9-3B5D-44C9-9A64-4F4CBCCB01A1}.Release|Any CPU.Build.0 = Release|Any CPU
		{788C9FA9-3B5D-44C9-9A64-4F4CBCCB01A1}.Release|x64.ActiveCfg = Release|Any CPU
		{788C9FA9-3B5D-44C9-9A64-4F4CBCCB01A1}.Release|x64.Build.0 = Release|Any CPU
		{788C9FA9-3B5D-44C9-9A64-4F4CBCCB01A1}.Release|x86.ActiveCfg = Release|Any CPU
		{788C9FA9-3B5D-44C9-9A64-4F4CBCCB01A1}.Release|x86.Build.0 = Release|Any CPU
		{DD7B0E51-AB6D-4BE4-ABBE-71EAEB75F0A2}.Debug|Any CPU.ActiveCfg = Debug|Any CPU
		{DD7B0E51-AB6D-4BE4-ABBE-71EAEB75F0A2}.Debug|Any CPU.Build.0 = Debug|Any CPU
		{DD7B0E51-AB6D-4BE4-ABBE-71EAEB75F0A2}.Debug|x64.ActiveCfg = Debug|Any CPU
		{DD7B0E51-AB6D-4BE4-ABBE-71EAEB75F0A2}.Debug|x64.Build.0 = Debug|Any CPU
		{DD7B0E51-AB6D-4BE4-ABBE-71EAEB75F0A2}.Debug|x86.ActiveCfg = Debug|Any CPU
		{DD7B0E51-AB6D-4BE4-ABBE-71EAEB75F0A2}.Debug|x86.Build.0 = Debug|Any CPU
		{DD7B0E51-AB6D-4BE4-ABBE-71EAEB75F0A2}.Release|Any CPU.ActiveCfg = Release|Any CPU
		{DD7B0E51-AB6D-4BE4-ABBE-71EAEB75F0A2}.Release|Any CPU.Build.0 = Release|Any CPU
		{DD7B0E51-AB6D-4BE4-ABBE-71EAEB75F0A2}.Release|x64.ActiveCfg = Release|Any CPU
		{DD7B0E51-AB6D-4BE4-ABBE-71EAEB75F0A2}.Release|x64.Build.0 = Release|Any CPU
		{DD7B0E51-AB6D-4BE4-ABBE-71EAEB75F0A2}.Release|x86.ActiveCfg = Release|Any CPU
		{DD7B0E51-AB6D-4BE4-ABBE-71EAEB75F0A2}.Release|x86.Build.0 = Release|Any CPU
		{C5ED7578-845D-4508-87D2-57203866D67A}.Debug|Any CPU.ActiveCfg = Debug|Any CPU
		{C5ED7578-845D-4508-87D2-57203866D67A}.Debug|Any CPU.Build.0 = Debug|Any CPU
		{C5ED7578-845D-4508-87D2-57203866D67A}.Debug|x64.ActiveCfg = Debug|Any CPU
		{C5ED7578-845D-4508-87D2-57203866D67A}.Debug|x64.Build.0 = Debug|Any CPU
		{C5ED7578-845D-4508-87D2-57203866D67A}.Debug|x86.ActiveCfg = Debug|Any CPU
		{C5ED7578-845D-4508-87D2-57203866D67A}.Debug|x86.Build.0 = Debug|Any CPU
		{C5ED7578-845D-4508-87D2-57203866D67A}.Release|Any CPU.ActiveCfg = Release|Any CPU
		{C5ED7578-845D-4508-87D2-57203866D67A}.Release|Any CPU.Build.0 = Release|Any CPU
		{C5ED7578-845D-4508-87D2-57203866D67A}.Release|x64.ActiveCfg = Release|Any CPU
		{C5ED7578-845D-4508-87D2-57203866D67A}.Release|x64.Build.0 = Release|Any CPU
		{C5ED7578-845D-4508-87D2-57203866D67A}.Release|x86.ActiveCfg = Release|Any CPU
		{C5ED7578-845D-4508-87D2-57203866D67A}.Release|x86.Build.0 = Release|Any CPU
		{9C079528-2C60-449E-B80B-25668739EEF5}.Debug|Any CPU.ActiveCfg = Debug|Any CPU
		{9C079528-2C60-449E-B80B-25668739EEF5}.Debug|Any CPU.Build.0 = Debug|Any CPU
		{9C079528-2C60-449E-B80B-25668739EEF5}.Debug|x64.ActiveCfg = Debug|Any CPU
		{9C079528-2C60-449E-B80B-25668739EEF5}.Debug|x64.Build.0 = Debug|Any CPU
		{9C079528-2C60-449E-B80B-25668739EEF5}.Debug|x86.ActiveCfg = Debug|Any CPU
		{9C079528-2C60-449E-B80B-25668739EEF5}.Debug|x86.Build.0 = Debug|Any CPU
		{9C079528-2C60-449E-B80B-25668739EEF5}.Release|Any CPU.ActiveCfg = Release|Any CPU
		{9C079528-2C60-449E-B80B-25668739EEF5}.Release|Any CPU.Build.0 = Release|Any CPU
		{9C079528-2C60-449E-B80B-25668739EEF5}.Release|x64.ActiveCfg = Release|Any CPU
		{9C079528-2C60-449E-B80B-25668739EEF5}.Release|x64.Build.0 = Release|Any CPU
		{9C079528-2C60-449E-B80B-25668739EEF5}.Release|x86.ActiveCfg = Release|Any CPU
		{9C079528-2C60-449E-B80B-25668739EEF5}.Release|x86.Build.0 = Release|Any CPU
		{0279597D-B9A1-4999-99FA-88F46D0AA07A}.Debug|Any CPU.ActiveCfg = Debug|Any CPU
		{0279597D-B9A1-4999-99FA-88F46D0AA07A}.Debug|Any CPU.Build.0 = Debug|Any CPU
		{0279597D-B9A1-4999-99FA-88F46D0AA07A}.Debug|x64.ActiveCfg = Debug|Any CPU
		{0279597D-B9A1-4999-99FA-88F46D0AA07A}.Debug|x64.Build.0 = Debug|Any CPU
		{0279597D-B9A1-4999-99FA-88F46D0AA07A}.Debug|x86.ActiveCfg = Debug|Any CPU
		{0279597D-B9A1-4999-99FA-88F46D0AA07A}.Debug|x86.Build.0 = Debug|Any CPU
		{0279597D-B9A1-4999-99FA-88F46D0AA07A}.Release|Any CPU.ActiveCfg = Release|Any CPU
		{0279597D-B9A1-4999-99FA-88F46D0AA07A}.Release|Any CPU.Build.0 = Release|Any CPU
		{0279597D-B9A1-4999-99FA-88F46D0AA07A}.Release|x64.ActiveCfg = Release|Any CPU
		{0279597D-B9A1-4999-99FA-88F46D0AA07A}.Release|x64.Build.0 = Release|Any CPU
		{0279597D-B9A1-4999-99FA-88F46D0AA07A}.Release|x86.ActiveCfg = Release|Any CPU
		{0279597D-B9A1-4999-99FA-88F46D0AA07A}.Release|x86.Build.0 = Release|Any CPU
		{A117152F-73B6-478B-A816-0B5506370A2A}.Debug|Any CPU.ActiveCfg = Debug|Any CPU
		{A117152F-73B6-478B-A816-0B5506370A2A}.Debug|Any CPU.Build.0 = Debug|Any CPU
		{A117152F-73B6-478B-A816-0B5506370A2A}.Debug|x64.ActiveCfg = Debug|Any CPU
		{A117152F-73B6-478B-A816-0B5506370A2A}.Debug|x64.Build.0 = Debug|Any CPU
		{A117152F-73B6-478B-A816-0B5506370A2A}.Debug|x86.ActiveCfg = Debug|Any CPU
		{A117152F-73B6-478B-A816-0B5506370A2A}.Debug|x86.Build.0 = Debug|Any CPU
		{A117152F-73B6-478B-A816-0B5506370A2A}.Release|Any CPU.ActiveCfg = Release|Any CPU
		{A117152F-73B6-478B-A816-0B5506370A2A}.Release|Any CPU.Build.0 = Release|Any CPU
		{A117152F-73B6-478B-A816-0B5506370A2A}.Release|x64.ActiveCfg = Release|Any CPU
		{A117152F-73B6-478B-A816-0B5506370A2A}.Release|x64.Build.0 = Release|Any CPU
		{A117152F-73B6-478B-A816-0B5506370A2A}.Release|x86.ActiveCfg = Release|Any CPU
		{A117152F-73B6-478B-A816-0B5506370A2A}.Release|x86.Build.0 = Release|Any CPU
	EndGlobalSection
	GlobalSection(SolutionProperties) = preSolution
		HideSolutionNode = FALSE
	EndGlobalSection
	GlobalSection(NestedProjects) = preSolution
		{C63DC6EA-E7A7-48DA-BC49-217AF2FF3EE4} = {ED41A67A-55B5-4E60-AF49-ACD49EE497D2}
		{3AE995A2-2DCC-4137-A207-87809FACDC18} = {ED41A67A-55B5-4E60-AF49-ACD49EE497D2}
		{2679C447-EBE6-430D-A209-015AF0A8F8A8} = {ED41A67A-55B5-4E60-AF49-ACD49EE497D2}
		{7F8378CC-001E-422E-B654-1942496BA0E4} = {2679C447-EBE6-430D-A209-015AF0A8F8A8}
		{788C9FA9-3B5D-44C9-9A64-4F4CBCCB01A1} = {3AE995A2-2DCC-4137-A207-87809FACDC18}
		{DD7B0E51-AB6D-4BE4-ABBE-71EAEB75F0A2} = {3AE995A2-2DCC-4137-A207-87809FACDC18}
		{C4242826-E860-4FA6-946D-3DEBAFA11A40} = {C63DC6EA-E7A7-48DA-BC49-217AF2FF3EE4}
		{C5ED7578-845D-4508-87D2-57203866D67A} = {C4242826-E860-4FA6-946D-3DEBAFA11A40}
		{9E8CC693-28F2-4C3A-BFC1-DA9A2A1DC933} = {C63DC6EA-E7A7-48DA-BC49-217AF2FF3EE4}
		{9C079528-2C60-449E-B80B-25668739EEF5} = {9E8CC693-28F2-4C3A-BFC1-DA9A2A1DC933}
		{65A107E4-20A8-4A3C-9867-8E9D645C328B} = {C63DC6EA-E7A7-48DA-BC49-217AF2FF3EE4}
		{0279597D-B9A1-4999-99FA-88F46D0AA07A} = {65A107E4-20A8-4A3C-9867-8E9D645C328B}
		{A117152F-73B6-478B-A816-0B5506370A2A} = {3AE995A2-2DCC-4137-A207-87809FACDC18}
	EndGlobalSection
	GlobalSection(ExtensibilityGlobals) = postSolution
		SolutionGuid = {0B61884B-95CF-4C2F-83C2-4BCE103E6FD3}
	EndGlobalSection
EndGlobal
